// !$*UTF8*$!
{
	archiveVersion = 1;
	classes = {
	};
	objectVersion = 56;
	objects = {

/* Begin PBXBuildFile section */
		252116EA2A720E770092E6B6 /* AppDelegate.swift in Sources */ = {isa = PBXBuildFile; fileRef = 252116E92A720E770092E6B6 /* AppDelegate.swift */; };
		252116EC2A720E770092E6B6 /* SceneDelegate.swift in Sources */ = {isa = PBXBuildFile; fileRef = 252116EB2A720E770092E6B6 /* SceneDelegate.swift */; };
		252116EE2A720E770092E6B6 /* ViewController.swift in Sources */ = {isa = PBXBuildFile; fileRef = 252116ED2A720E770092E6B6 /* ViewController.swift */; };
		252116F12A720E770092E6B6 /* Main.storyboard in Resources */ = {isa = PBXBuildFile; fileRef = 252116EF2A720E770092E6B6 /* Main.storyboard */; };
		252116F42A720E770092E6B6 /* KickAsh.xcdatamodeld in Sources */ = {isa = PBXBuildFile; fileRef = 252116F22A720E770092E6B6 /* KickAsh.xcdatamodeld */; };
		252116F62A720E790092E6B6 /* Assets.xcassets in Resources */ = {isa = PBXBuildFile; fileRef = 252116F52A720E790092E6B6 /* Assets.xcassets */; };
		252116F92A720E790092E6B6 /* LaunchScreen.storyboard in Resources */ = {isa = PBXBuildFile; fileRef = 252116F72A720E790092E6B6 /* LaunchScreen.storyboard */; };
		2581C7BB2A82FF1900C1B209 /* Question1ViewController.swift in Sources */ = {isa = PBXBuildFile; fileRef = 2581C7BA2A82FF1900C1B209 /* Question1ViewController.swift */; };
		2581C7BE2A8308D500C1B209 /* Question6ViewController.swift in Sources */ = {isa = PBXBuildFile; fileRef = 2581C7BD2A8308D500C1B209 /* Question6ViewController.swift */; };
		2581C7CC2A84927200C1B209 /* Question2ViewController.swift in Sources */ = {isa = PBXBuildFile; fileRef = 2581C7CB2A84927200C1B209 /* Question2ViewController.swift */; };
		2581C7CE2A8492C000C1B209 /* Question3ViewController.swift in Sources */ = {isa = PBXBuildFile; fileRef = 2581C7CD2A8492C000C1B209 /* Question3ViewController.swift */; };
		2581C7D02A8492E300C1B209 /* Question4ViewController.swift in Sources */ = {isa = PBXBuildFile; fileRef = 2581C7CF2A8492E300C1B209 /* Question4ViewController.swift */; };
		2581C7D22A84930700C1B209 /* Question5ViewController.swift in Sources */ = {isa = PBXBuildFile; fileRef = 2581C7D12A84930700C1B209 /* Question5ViewController.swift */; };
		2581C7D42A84941C00C1B209 /* Question7ViewController.swift in Sources */ = {isa = PBXBuildFile; fileRef = 2581C7D32A84941C00C1B209 /* Question7ViewController.swift */; };
		2581C7D62A84942600C1B209 /* Question8ViewController.swift in Sources */ = {isa = PBXBuildFile; fileRef = 2581C7D52A84942600C1B209 /* Question8ViewController.swift */; };
		5A6B471B2A85437F003ED235 /* MessageModel.swift in Sources */ = {isa = PBXBuildFile; fileRef = 5A6B47182A85437F003ED235 /* MessageModel.swift */; };
		5A6B471C2A85437F003ED235 /* SocialViewController.swift in Sources */ = {isa = PBXBuildFile; fileRef = 5A6B47192A85437F003ED235 /* SocialViewController.swift */; };
		5A6B471D2A85437F003ED235 /* Utility.swift in Sources */ = {isa = PBXBuildFile; fileRef = 5A6B471A2A85437F003ED235 /* Utility.swift */; };
		5A6B471F2A85439B003ED235 /* MessageApiHandlers.swift in Sources */ = {isa = PBXBuildFile; fileRef = 5A6B471E2A85439B003ED235 /* MessageApiHandlers.swift */; };
		BB8FF6AE2A85284E00691BF7 /* Authentication.storyboard in Resources */ = {isa = PBXBuildFile; fileRef = BB8FF6AD2A85284E00691BF7 /* Authentication.storyboard */; };
		BB8FF6B42A85356600691BF7 /* Home.storyboard in Resources */ = {isa = PBXBuildFile; fileRef = BB8FF6B32A85356600691BF7 /* Home.storyboard */; };
		BB8FF6B62A853D2D00691BF7 /* RegisterViewController.swift in Sources */ = {isa = PBXBuildFile; fileRef = BB8FF6B52A853D2D00691BF7 /* RegisterViewController.swift */; };
/* End PBXBuildFile section */

/* Begin PBXFileReference section */
		252116E62A720E770092E6B6 /* KickAsh.app */ = {isa = PBXFileReference; explicitFileType = wrapper.application; includeInIndex = 0; path = KickAsh.app; sourceTree = BUILT_PRODUCTS_DIR; };
		252116E92A720E770092E6B6 /* AppDelegate.swift */ = {isa = PBXFileReference; lastKnownFileType = sourcecode.swift; path = AppDelegate.swift; sourceTree = "<group>"; };
		252116EB2A720E770092E6B6 /* SceneDelegate.swift */ = {isa = PBXFileReference; lastKnownFileType = sourcecode.swift; path = SceneDelegate.swift; sourceTree = "<group>"; };
		252116ED2A720E770092E6B6 /* ViewController.swift */ = {isa = PBXFileReference; lastKnownFileType = sourcecode.swift; path = ViewController.swift; sourceTree = "<group>"; };
		252116F02A720E770092E6B6 /* Base */ = {isa = PBXFileReference; lastKnownFileType = file.storyboard; name = Base; path = Base.lproj/Main.storyboard; sourceTree = "<group>"; };
		252116F32A720E770092E6B6 /* KickAsh.xcdatamodel */ = {isa = PBXFileReference; lastKnownFileType = wrapper.xcdatamodel; path = KickAsh.xcdatamodel; sourceTree = "<group>"; };
		252116F52A720E790092E6B6 /* Assets.xcassets */ = {isa = PBXFileReference; lastKnownFileType = folder.assetcatalog; path = Assets.xcassets; sourceTree = "<group>"; };
		252116F82A720E790092E6B6 /* Base */ = {isa = PBXFileReference; lastKnownFileType = file.storyboard; name = Base; path = Base.lproj/LaunchScreen.storyboard; sourceTree = "<group>"; };
		252116FA2A720E790092E6B6 /* Info.plist */ = {isa = PBXFileReference; lastKnownFileType = text.plist.xml; path = Info.plist; sourceTree = "<group>"; };
		2581C7BA2A82FF1900C1B209 /* Question1ViewController.swift */ = {isa = PBXFileReference; lastKnownFileType = sourcecode.swift; path = Question1ViewController.swift; sourceTree = "<group>"; };
		2581C7BD2A8308D500C1B209 /* Question6ViewController.swift */ = {isa = PBXFileReference; lastKnownFileType = sourcecode.swift; path = Question6ViewController.swift; sourceTree = "<group>"; };
		2581C7CB2A84927200C1B209 /* Question2ViewController.swift */ = {isa = PBXFileReference; lastKnownFileType = sourcecode.swift; path = Question2ViewController.swift; sourceTree = "<group>"; };
		2581C7CD2A8492C000C1B209 /* Question3ViewController.swift */ = {isa = PBXFileReference; lastKnownFileType = sourcecode.swift; path = Question3ViewController.swift; sourceTree = "<group>"; };
		2581C7CF2A8492E300C1B209 /* Question4ViewController.swift */ = {isa = PBXFileReference; lastKnownFileType = sourcecode.swift; path = Question4ViewController.swift; sourceTree = "<group>"; };
		2581C7D12A84930700C1B209 /* Question5ViewController.swift */ = {isa = PBXFileReference; lastKnownFileType = sourcecode.swift; path = Question5ViewController.swift; sourceTree = "<group>"; };
		2581C7D32A84941C00C1B209 /* Question7ViewController.swift */ = {isa = PBXFileReference; lastKnownFileType = sourcecode.swift; path = Question7ViewController.swift; sourceTree = "<group>"; };
		2581C7D52A84942600C1B209 /* Question8ViewController.swift */ = {isa = PBXFileReference; lastKnownFileType = sourcecode.swift; path = Question8ViewController.swift; sourceTree = "<group>"; };
		5A6B47182A85437F003ED235 /* MessageModel.swift */ = {isa = PBXFileReference; fileEncoding = 4; lastKnownFileType = sourcecode.swift; path = MessageModel.swift; sourceTree = "<group>"; };
		5A6B47192A85437F003ED235 /* SocialViewController.swift */ = {isa = PBXFileReference; fileEncoding = 4; lastKnownFileType = sourcecode.swift; path = SocialViewController.swift; sourceTree = "<group>"; };
		5A6B471A2A85437F003ED235 /* Utility.swift */ = {isa = PBXFileReference; fileEncoding = 4; lastKnownFileType = sourcecode.swift; path = Utility.swift; sourceTree = "<group>"; };
		5A6B471E2A85439B003ED235 /* MessageApiHandlers.swift */ = {isa = PBXFileReference; lastKnownFileType = sourcecode.swift; path = MessageApiHandlers.swift; sourceTree = "<group>"; };
		BB8FF6AD2A85284E00691BF7 /* Authentication.storyboard */ = {isa = PBXFileReference; lastKnownFileType = file.storyboard; path = Authentication.storyboard; sourceTree = "<group>"; };
		BB8FF6B32A85356600691BF7 /* Home.storyboard */ = {isa = PBXFileReference; lastKnownFileType = file.storyboard; path = Home.storyboard; sourceTree = "<group>"; };
		BB8FF6B52A853D2D00691BF7 /* RegisterViewController.swift */ = {isa = PBXFileReference; lastKnownFileType = sourcecode.swift; name = RegisterViewController.swift; path = KickAsh/RegisterViewController.swift; sourceTree = "<group>"; };
/* End PBXFileReference section */

/* Begin PBXFrameworksBuildPhase section */
		252116E32A720E770092E6B6 /* Frameworks */ = {
			isa = PBXFrameworksBuildPhase;
			buildActionMask = 2147483647;
			files = (
			);
			runOnlyForDeploymentPostprocessing = 0;
		};
/* End PBXFrameworksBuildPhase section */

/* Begin PBXGroup section */
		252116DD2A720E770092E6B6 = {
			isa = PBXGroup;
			children = (
				BB8FF6B52A853D2D00691BF7 /* RegisterViewController.swift */,
				BB8FF6B32A85356600691BF7 /* Home.storyboard */,
				252116E82A720E770092E6B6 /* KickAsh */,
				252116E72A720E770092E6B6 /* Products */,
			);
			sourceTree = "<group>";
		};
		252116E72A720E770092E6B6 /* Products */ = {
			isa = PBXGroup;
			children = (
				252116E62A720E770092E6B6 /* KickAsh.app */,
			);
			name = Products;
			sourceTree = "<group>";
		};
		252116E82A720E770092E6B6 /* KickAsh */ = {
			isa = PBXGroup;
			children = (
				BB8FF6AD2A85284E00691BF7 /* Authentication.storyboard */,
				5A6B47172A854306003ED235 /* Social */,
				2581C7BC2A83089800C1B209 /* QuestionnaireViews */,
				252116E92A720E770092E6B6 /* AppDelegate.swift */,
				252116EB2A720E770092E6B6 /* SceneDelegate.swift */,
				252116ED2A720E770092E6B6 /* ViewController.swift */,
				252116EF2A720E770092E6B6 /* Main.storyboard */,
				252116F52A720E790092E6B6 /* Assets.xcassets */,
				252116F72A720E790092E6B6 /* LaunchScreen.storyboard */,
				252116FA2A720E790092E6B6 /* Info.plist */,
				252116F22A720E770092E6B6 /* KickAsh.xcdatamodeld */,
			);
			path = KickAsh;
			sourceTree = "<group>";
		};
		2581C7BC2A83089800C1B209 /* QuestionnaireViews */ = {
			isa = PBXGroup;
			children = (
				2581C7BA2A82FF1900C1B209 /* Question1ViewController.swift */,
				2581C7BD2A8308D500C1B209 /* Question6ViewController.swift */,
				2581C7CB2A84927200C1B209 /* Question2ViewController.swift */,
				2581C7CD2A8492C000C1B209 /* Question3ViewController.swift */,
				2581C7CF2A8492E300C1B209 /* Question4ViewController.swift */,
				2581C7D12A84930700C1B209 /* Question5ViewController.swift */,
				2581C7D32A84941C00C1B209 /* Question7ViewController.swift */,
				2581C7D52A84942600C1B209 /* Question8ViewController.swift */,
			);
			path = QuestionnaireViews;
			sourceTree = "<group>";
		};
		5A6B47172A854306003ED235 /* Social */ = {
			isa = PBXGroup;
			children = (
				5A6B47182A85437F003ED235 /* MessageModel.swift */,
				5A6B47192A85437F003ED235 /* SocialViewController.swift */,
				5A6B471E2A85439B003ED235 /* MessageApiHandlers.swift */,
				5A6B471A2A85437F003ED235 /* Utility.swift */,
			);
			path = Social;
			sourceTree = "<group>";
		};
/* End PBXGroup section */

/* Begin PBXNativeTarget section */
		252116E52A720E770092E6B6 /* KickAsh */ = {
			isa = PBXNativeTarget;
			buildConfigurationList = 252116FD2A720E790092E6B6 /* Build configuration list for PBXNativeTarget "KickAsh" */;
			buildPhases = (
				252116E22A720E770092E6B6 /* Sources */,
				252116E32A720E770092E6B6 /* Frameworks */,
				252116E42A720E770092E6B6 /* Resources */,
			);
			buildRules = (
			);
			dependencies = (
			);
			name = KickAsh;
			productName = KickAsh;
			productReference = 252116E62A720E770092E6B6 /* KickAsh.app */;
			productType = "com.apple.product-type.application";
		};
/* End PBXNativeTarget section */

/* Begin PBXProject section */
		252116DE2A720E770092E6B6 /* Project object */ = {
			isa = PBXProject;
			attributes = {
				BuildIndependentTargetsInParallel = 1;
				LastSwiftUpdateCheck = 1430;
				LastUpgradeCheck = 1430;
				TargetAttributes = {
					252116E52A720E770092E6B6 = {
						CreatedOnToolsVersion = 14.3;
					};
				};
			};
			buildConfigurationList = 252116E12A720E770092E6B6 /* Build configuration list for PBXProject "KickAsh" */;
			compatibilityVersion = "Xcode 14.0";
			developmentRegion = en;
			hasScannedForEncodings = 0;
			knownRegions = (
				en,
				Base,
			);
			mainGroup = 252116DD2A720E770092E6B6;
			productRefGroup = 252116E72A720E770092E6B6 /* Products */;
			projectDirPath = "";
			projectRoot = "";
			targets = (
				252116E52A720E770092E6B6 /* KickAsh */,
			);
		};
/* End PBXProject section */

/* Begin PBXResourcesBuildPhase section */
		252116E42A720E770092E6B6 /* Resources */ = {
			isa = PBXResourcesBuildPhase;
			buildActionMask = 2147483647;
			files = (
				BB8FF6AE2A85284E00691BF7 /* Authentication.storyboard in Resources */,
				BB8FF6B42A85356600691BF7 /* Home.storyboard in Resources */,
				252116F92A720E790092E6B6 /* LaunchScreen.storyboard in Resources */,
				252116F62A720E790092E6B6 /* Assets.xcassets in Resources */,
				252116F12A720E770092E6B6 /* Main.storyboard in Resources */,
			);
			runOnlyForDeploymentPostprocessing = 0;
		};
/* End PBXResourcesBuildPhase section */

/* Begin PBXSourcesBuildPhase section */
		252116E22A720E770092E6B6 /* Sources */ = {
			isa = PBXSourcesBuildPhase;
			buildActionMask = 2147483647;
			files = (
				2581C7D22A84930700C1B209 /* Question5ViewController.swift in Sources */,
				252116EE2A720E770092E6B6 /* ViewController.swift in Sources */,
				2581C7BE2A8308D500C1B209 /* Question6ViewController.swift in Sources */,
				2581C7CE2A8492C000C1B209 /* Question3ViewController.swift in Sources */,
				5A6B471F2A85439B003ED235 /* MessageApiHandlers.swift in Sources */,
				2581C7BB2A82FF1900C1B209 /* Question1ViewController.swift in Sources */,
				5A6B471D2A85437F003ED235 /* Utility.swift in Sources */,
				2581C7CC2A84927200C1B209 /* Question2ViewController.swift in Sources */,
				5A6B471B2A85437F003ED235 /* MessageModel.swift in Sources */,
				252116EA2A720E770092E6B6 /* AppDelegate.swift in Sources */,
				2581C7D62A84942600C1B209 /* Question8ViewController.swift in Sources */,
				5A6B471C2A85437F003ED235 /* SocialViewController.swift in Sources */,
				2581C7D42A84941C00C1B209 /* Question7ViewController.swift in Sources */,
				252116F42A720E770092E6B6 /* KickAsh.xcdatamodeld in Sources */,
				BB8FF6B62A853D2D00691BF7 /* RegisterViewController.swift in Sources */,
				252116EC2A720E770092E6B6 /* SceneDelegate.swift in Sources */,
				2581C7D02A8492E300C1B209 /* Question4ViewController.swift in Sources */,
			);
			runOnlyForDeploymentPostprocessing = 0;
		};
/* End PBXSourcesBuildPhase section */

/* Begin PBXVariantGroup section */
		252116EF2A720E770092E6B6 /* Main.storyboard */ = {
			isa = PBXVariantGroup;
			children = (
				252116F02A720E770092E6B6 /* Base */,
			);
			name = Main.storyboard;
			sourceTree = "<group>";
		};
		252116F72A720E790092E6B6 /* LaunchScreen.storyboard */ = {
			isa = PBXVariantGroup;
			children = (
				252116F82A720E790092E6B6 /* Base */,
			);
			name = LaunchScreen.storyboard;
			sourceTree = "<group>";
		};
/* End PBXVariantGroup section */

/* Begin XCBuildConfiguration section */
		252116FB2A720E790092E6B6 /* Debug */ = {
			isa = XCBuildConfiguration;
			buildSettings = {
				ALWAYS_SEARCH_USER_PATHS = NO;
				CLANG_ANALYZER_NONNULL = YES;
				CLANG_ANALYZER_NUMBER_OBJECT_CONVERSION = YES_AGGRESSIVE;
				CLANG_CXX_LANGUAGE_STANDARD = "gnu++20";
				CLANG_ENABLE_MODULES = YES;
				CLANG_ENABLE_OBJC_ARC = YES;
				CLANG_ENABLE_OBJC_WEAK = YES;
				CLANG_WARN_BLOCK_CAPTURE_AUTORELEASING = YES;
				CLANG_WARN_BOOL_CONVERSION = YES;
				CLANG_WARN_COMMA = YES;
				CLANG_WARN_CONSTANT_CONVERSION = YES;
				CLANG_WARN_DEPRECATED_OBJC_IMPLEMENTATIONS = YES;
				CLANG_WARN_DIRECT_OBJC_ISA_USAGE = YES_ERROR;
				CLANG_WARN_DOCUMENTATION_COMMENTS = YES;
				CLANG_WARN_EMPTY_BODY = YES;
				CLANG_WARN_ENUM_CONVERSION = YES;
				CLANG_WARN_INFINITE_RECURSION = YES;
				CLANG_WARN_INT_CONVERSION = YES;
				CLANG_WARN_NON_LITERAL_NULL_CONVERSION = YES;
				CLANG_WARN_OBJC_IMPLICIT_RETAIN_SELF = YES;
				CLANG_WARN_OBJC_LITERAL_CONVERSION = YES;
				CLANG_WARN_OBJC_ROOT_CLASS = YES_ERROR;
				CLANG_WARN_QUOTED_INCLUDE_IN_FRAMEWORK_HEADER = YES;
				CLANG_WARN_RANGE_LOOP_ANALYSIS = YES;
				CLANG_WARN_STRICT_PROTOTYPES = YES;
				CLANG_WARN_SUSPICIOUS_MOVE = YES;
				CLANG_WARN_UNGUARDED_AVAILABILITY = YES_AGGRESSIVE;
				CLANG_WARN_UNREACHABLE_CODE = YES;
				CLANG_WARN__DUPLICATE_METHOD_MATCH = YES;
				COPY_PHASE_STRIP = NO;
				DEBUG_INFORMATION_FORMAT = dwarf;
				ENABLE_STRICT_OBJC_MSGSEND = YES;
				ENABLE_TESTABILITY = YES;
				GCC_C_LANGUAGE_STANDARD = gnu11;
				GCC_DYNAMIC_NO_PIC = NO;
				GCC_NO_COMMON_BLOCKS = YES;
				GCC_OPTIMIZATION_LEVEL = 0;
				GCC_PREPROCESSOR_DEFINITIONS = (
					"DEBUG=1",
					"$(inherited)",
				);
				GCC_WARN_64_TO_32_BIT_CONVERSION = YES;
				GCC_WARN_ABOUT_RETURN_TYPE = YES_ERROR;
				GCC_WARN_UNDECLARED_SELECTOR = YES;
				GCC_WARN_UNINITIALIZED_AUTOS = YES_AGGRESSIVE;
				GCC_WARN_UNUSED_FUNCTION = YES;
				GCC_WARN_UNUSED_VARIABLE = YES;
				IPHONEOS_DEPLOYMENT_TARGET = 16.4;
				MTL_ENABLE_DEBUG_INFO = INCLUDE_SOURCE;
				MTL_FAST_MATH = YES;
				ONLY_ACTIVE_ARCH = YES;
				SDKROOT = iphoneos;
				SWIFT_ACTIVE_COMPILATION_CONDITIONS = DEBUG;
				SWIFT_OPTIMIZATION_LEVEL = "-Onone";
			};
			name = Debug;
		};
		252116FC2A720E790092E6B6 /* Release */ = {
			isa = XCBuildConfiguration;
			buildSettings = {
				ALWAYS_SEARCH_USER_PATHS = NO;
				CLANG_ANALYZER_NONNULL = YES;
				CLANG_ANALYZER_NUMBER_OBJECT_CONVERSION = YES_AGGRESSIVE;
				CLANG_CXX_LANGUAGE_STANDARD = "gnu++20";
				CLANG_ENABLE_MODULES = YES;
				CLANG_ENABLE_OBJC_ARC = YES;
				CLANG_ENABLE_OBJC_WEAK = YES;
				CLANG_WARN_BLOCK_CAPTURE_AUTORELEASING = YES;
				CLANG_WARN_BOOL_CONVERSION = YES;
				CLANG_WARN_COMMA = YES;
				CLANG_WARN_CONSTANT_CONVERSION = YES;
				CLANG_WARN_DEPRECATED_OBJC_IMPLEMENTATIONS = YES;
				CLANG_WARN_DIRECT_OBJC_ISA_USAGE = YES_ERROR;
				CLANG_WARN_DOCUMENTATION_COMMENTS = YES;
				CLANG_WARN_EMPTY_BODY = YES;
				CLANG_WARN_ENUM_CONVERSION = YES;
				CLANG_WARN_INFINITE_RECURSION = YES;
				CLANG_WARN_INT_CONVERSION = YES;
				CLANG_WARN_NON_LITERAL_NULL_CONVERSION = YES;
				CLANG_WARN_OBJC_IMPLICIT_RETAIN_SELF = YES;
				CLANG_WARN_OBJC_LITERAL_CONVERSION = YES;
				CLANG_WARN_OBJC_ROOT_CLASS = YES_ERROR;
				CLANG_WARN_QUOTED_INCLUDE_IN_FRAMEWORK_HEADER = YES;
				CLANG_WARN_RANGE_LOOP_ANALYSIS = YES;
				CLANG_WARN_STRICT_PROTOTYPES = YES;
				CLANG_WARN_SUSPICIOUS_MOVE = YES;
				CLANG_WARN_UNGUARDED_AVAILABILITY = YES_AGGRESSIVE;
				CLANG_WARN_UNREACHABLE_CODE = YES;
				CLANG_WARN__DUPLICATE_METHOD_MATCH = YES;
				COPY_PHASE_STRIP = NO;
				DEBUG_INFORMATION_FORMAT = "dwarf-with-dsym";
				ENABLE_NS_ASSERTIONS = NO;
				ENABLE_STRICT_OBJC_MSGSEND = YES;
				GCC_C_LANGUAGE_STANDARD = gnu11;
				GCC_NO_COMMON_BLOCKS = YES;
				GCC_WARN_64_TO_32_BIT_CONVERSION = YES;
				GCC_WARN_ABOUT_RETURN_TYPE = YES_ERROR;
				GCC_WARN_UNDECLARED_SELECTOR = YES;
				GCC_WARN_UNINITIALIZED_AUTOS = YES_AGGRESSIVE;
				GCC_WARN_UNUSED_FUNCTION = YES;
				GCC_WARN_UNUSED_VARIABLE = YES;
				IPHONEOS_DEPLOYMENT_TARGET = 16.4;
				MTL_ENABLE_DEBUG_INFO = NO;
				MTL_FAST_MATH = YES;
				SDKROOT = iphoneos;
				SWIFT_COMPILATION_MODE = wholemodule;
				SWIFT_OPTIMIZATION_LEVEL = "-O";
				VALIDATE_PRODUCT = YES;
			};
			name = Release;
		};
		252116FE2A720E790092E6B6 /* Debug */ = {
			isa = XCBuildConfiguration;
			buildSettings = {
				ASSETCATALOG_COMPILER_APPICON_NAME = AppIcon;
				ASSETCATALOG_COMPILER_GLOBAL_ACCENT_COLOR_NAME = AccentColor;
				CODE_SIGN_STYLE = Automatic;
				CURRENT_PROJECT_VERSION = 1;
				GENERATE_INFOPLIST_FILE = YES;
				INFOPLIST_FILE = KickAsh/Info.plist;
				INFOPLIST_KEY_UIApplicationSupportsIndirectInputEvents = YES;
				INFOPLIST_KEY_UILaunchStoryboardName = LaunchScreen;
				INFOPLIST_KEY_UIMainStoryboardFile = Home;
				INFOPLIST_KEY_UISupportedInterfaceOrientations_iPad = "UIInterfaceOrientationPortrait UIInterfaceOrientationPortraitUpsideDown UIInterfaceOrientationLandscapeLeft UIInterfaceOrientationLandscapeRight";
				INFOPLIST_KEY_UISupportedInterfaceOrientations_iPhone = "UIInterfaceOrientationPortrait UIInterfaceOrientationLandscapeLeft UIInterfaceOrientationLandscapeRight";
				LD_RUNPATH_SEARCH_PATHS = (
					"$(inherited)",
					"@executable_path/Frameworks",
				);
				MARKETING_VERSION = 1.0;
				PRODUCT_BUNDLE_IDENTIFIER = ca.georgian.ilhamsheikh.KickAsh;
				PRODUCT_NAME = "$(TARGET_NAME)";
				SWIFT_EMIT_LOC_STRINGS = YES;
				SWIFT_VERSION = 5.0;
				TARGETED_DEVICE_FAMILY = "1,2";
			};
			name = Debug;
		};
		252116FF2A720E790092E6B6 /* Release */ = {
			isa = XCBuildConfiguration;
			buildSettings = {
				ASSETCATALOG_COMPILER_APPICON_NAME = AppIcon;
				ASSETCATALOG_COMPILER_GLOBAL_ACCENT_COLOR_NAME = AccentColor;
				CODE_SIGN_STYLE = Automatic;
				CURRENT_PROJECT_VERSION = 1;
				GENERATE_INFOPLIST_FILE = YES;
				INFOPLIST_FILE = KickAsh/Info.plist;
				INFOPLIST_KEY_UIApplicationSupportsIndirectInputEvents = YES;
				INFOPLIST_KEY_UILaunchStoryboardName = LaunchScreen;
				INFOPLIST_KEY_UIMainStoryboardFile = Home;
				INFOPLIST_KEY_UISupportedInterfaceOrientations_iPad = "UIInterfaceOrientationPortrait UIInterfaceOrientationPortraitUpsideDown UIInterfaceOrientationLandscapeLeft UIInterfaceOrientationLandscapeRight";
				INFOPLIST_KEY_UISupportedInterfaceOrientations_iPhone = "UIInterfaceOrientationPortrait UIInterfaceOrientationLandscapeLeft UIInterfaceOrientationLandscapeRight";
				LD_RUNPATH_SEARCH_PATHS = (
					"$(inherited)",
					"@executable_path/Frameworks",
				);
				MARKETING_VERSION = 1.0;
				PRODUCT_BUNDLE_IDENTIFIER = ca.georgian.ilhamsheikh.KickAsh;
				PRODUCT_NAME = "$(TARGET_NAME)";
				SWIFT_EMIT_LOC_STRINGS = YES;
				SWIFT_VERSION = 5.0;
				TARGETED_DEVICE_FAMILY = "1,2";
			};
			name = Release;
		};
/* End XCBuildConfiguration section */

/* Begin XCConfigurationList section */
		252116E12A720E770092E6B6 /* Build configuration list for PBXProject "KickAsh" */ = {
			isa = XCConfigurationList;
			buildConfigurations = (
				252116FB2A720E790092E6B6 /* Debug */,
				252116FC2A720E790092E6B6 /* Release */,
			);
			defaultConfigurationIsVisible = 0;
			defaultConfigurationName = Release;
		};
		252116FD2A720E790092E6B6 /* Build configuration list for PBXNativeTarget "KickAsh" */ = {
			isa = XCConfigurationList;
			buildConfigurations = (
				252116FE2A720E790092E6B6 /* Debug */,
				252116FF2A720E790092E6B6 /* Release */,
			);
			defaultConfigurationIsVisible = 0;
			defaultConfigurationName = Release;
		};
/* End XCConfigurationList section */

/* Begin XCVersionGroup section */
		252116F22A720E770092E6B6 /* KickAsh.xcdatamodeld */ = {
			isa = XCVersionGroup;
			children = (
				252116F32A720E770092E6B6 /* KickAsh.xcdatamodel */,
			);
			currentVersion = 252116F32A720E770092E6B6 /* KickAsh.xcdatamodel */;
			path = KickAsh.xcdatamodeld;
			sourceTree = "<group>";
			versionGroupType = wrapper.xcdatamodel;
		};
/* End XCVersionGroup section */
	};
	rootObject = 252116DE2A720E770092E6B6 /* Project object */;
}
